
Microsoft Visual Studio Solution File, Format Version 12.00
# Visual Studio Version 16
VisualStudioVersion = 16.0.30114.105
MinimumVisualStudioVersion = 10.0.40219.1
Project("{9A19103F-16F7-4668-BE54-9A1E7A4F7556}") = "SITHelper", "SITHelper\SITHelper.csproj", "{12EBD16A-DE8A-4002-83EF-B3A3858F6DA9}"
EndProject
Project("{9A19103F-16F7-4668-BE54-9A1E7A4F7556}") = "SaveLog", "SaveLog\SaveLog.csproj", "{F9595527-D015-4C3A-BAA9-D8928C842AF7}"
EndProject
Project("{9A19103F-16F7-4668-BE54-9A1E7A4F7556}") = "Record", "Record\Record.csproj", "{590484C9-EFBC-49AD-BF61-A84731D14B2D}"
EndProject
Project("{9A19103F-16F7-4668-BE54-9A1E7A4F7556}") = "Excel", "Excel\Excel.csproj", "{241BEF09-D451-45F0-B0D2-3D2E6B368FB9}"
EndProject
Project("{FAE04EC0-301F-11D3-BF4B-00C04F79EFBC}") = "Serializer", "Serializer\Serializer.csproj", "{B0B5C325-8E35-4EFF-A31D-6892CA37854A}"
EndProject
Project("{FAE04EC0-301F-11D3-BF4B-00C04F79EFBC}") = "APP", "APP\APP.csproj", "{CA018218-D94E-4615-A928-89FA224C6E5C}"
EndProject
Global
	GlobalSection(SolutionConfigurationPlatforms) = preSolution
		Debug|Any CPU = Debug|Any CPU
		Release|Any CPU = Release|Any CPU
	EndGlobalSection
	GlobalSection(ProjectConfigurationPlatforms) = postSolution
		{12EBD16A-DE8A-4002-83EF-B3A3858F6DA9}.Debug|Any CPU.ActiveCfg = Debug|Any CPU
		{12EBD16A-DE8A-4002-83EF-B3A3858F6DA9}.Debug|Any CPU.Build.0 = Debug|Any CPU
		{12EBD16A-DE8A-4002-83EF-B3A3858F6DA9}.Release|Any CPU.ActiveCfg = Release|Any CPU
		{12EBD16A-DE8A-4002-83EF-B3A3858F6DA9}.Release|Any CPU.Build.0 = Release|Any CPU
		{F9595527-D015-4C3A-BAA9-D8928C842AF7}.Debug|Any CPU.ActiveCfg = Debug|Any CPU
		{F9595527-D015-4C3A-BAA9-D8928C842AF7}.Debug|Any CPU.Build.0 = Debug|Any CPU
		{F9595527-D015-4C3A-BAA9-D8928C842AF7}.Release|Any CPU.ActiveCfg = Release|Any CPU
		{F9595527-D015-4C3A-BAA9-D8928C842AF7}.Release|Any CPU.Build.0 = Release|Any CPU
		{590484C9-EFBC-49AD-BF61-A84731D14B2D}.Debug|Any CPU.ActiveCfg = Debug|Any CPU
		{590484C9-EFBC-49AD-BF61-A84731D14B2D}.Debug|Any CPU.Build.0 = Debug|Any CPU
		{590484C9-EFBC-49AD-BF61-A84731D14B2D}.Release|Any CPU.ActiveCfg = Release|Any CPU
		{590484C9-EFBC-49AD-BF61-A84731D14B2D}.Release|Any CPU.Build.0 = Release|Any CPU
		{241BEF09-D451-45F0-B0D2-3D2E6B368FB9}.Debug|Any CPU.ActiveCfg = Debug|Any CPU
		{241BEF09-D451-45F0-B0D2-3D2E6B368FB9}.Debug|Any CPU.Build.0 = Debug|Any CPU
		{241BEF09-D451-45F0-B0D2-3D2E6B368FB9}.Release|Any CPU.ActiveCfg = Release|Any CPU
		{241BEF09-D451-45F0-B0D2-3D2E6B368FB9}.Release|Any CPU.Build.0 = Release|Any CPU
		{B0B5C325-8E35-4EFF-A31D-6892CA37854A}.Debug|Any CPU.ActiveCfg = Debug|Any CPU
		{B0B5C325-8E35-4EFF-A31D-6892CA37854A}.Debug|Any CPU.Build.0 = Debug|Any CPU
		{B0B5C325-8E35-4EFF-A31D-6892CA37854A}.Release|Any CPU.ActiveCfg = Release|Any CPU
		{B0B5C325-8E35-4EFF-A31D-6892CA37854A}.Release|Any CPU.Build.0 = Release|Any CPU
		{CA018218-D94E-4615-A928-89FA224C6E5C}.Debug|Any CPU.ActiveCfg = Debug|Any CPU
		{CA018218-D94E-4615-A928-89FA224C6E5C}.Debug|Any CPU.Build.0 = Debug|Any CPU
		{CA018218-D94E-4615-A928-89FA224C6E5C}.Release|Any CPU.ActiveCfg = Release|Any CPU
		{CA018218-D94E-4615-A928-89FA224C6E5C}.Release|Any CPU.Build.0 = Release|Any CPU
	EndGlobalSection
	GlobalSection(SolutionProperties) = preSolution
		HideSolutionNode = FALSE
	EndGlobalSection
	GlobalSection(ExtensibilityGlobals) = postSolution
		SolutionGuid = {8EADFF6E-A78C-43C7-9BBD-6234CEB53175}
	EndGlobalSection
EndGlobal
